
Microsoft Visual Studio Solution File, Format Version 12.00
# Visual Studio 2013
VisualStudioVersion = 12.0.30501.0
MinimumVisualStudioVersion = 10.0.40219.1
Project("{8BC9CEB8-8B4A-11D0-8D11-00A0C91BC942}") = "APL", "APL\APL.vcxproj", "{7087AF18-BF06-4326-9633-AE7F5A566536}"
EndProject
Global
	GlobalSection(SolutionConfigurationPlatforms) = preSolution
		Debug|Win32 = Debug|Win32
		Release|Win32 = Release|Win32
	EndGlobalSection
	GlobalSection(ProjectConfigurationPlatforms) = postSolution
		{7087AF18-BF06-4326-9633-AE7F5A566536}.Debug|Win32.ActiveCfg = Debug|Win32
		{7087AF18-BF06-4326-9633-AE7F5A566536}.Debug|Win32.Build.0 = Debug|Win32
		{7087AF18-BF06-4326-9633-AE7F5A566536}.Release|Win32.ActiveCfg = Release|Win32
		{7087AF18-BF06-4326-9633-AE7F5A566536}.Release|Win32.Build.0 = Release|Win32
	EndGlobalSection
	GlobalSection(SolutionProperties) = preSolution
		HideSolutionNode = FALSE
	EndGlobalSection
EndGlobal
